
Microsoft Visual Studio Solution File, Format Version 12.00
# Visual Studio Version 16
VisualStudioVersion = 16.0.30621.155
MinimumVisualStudioVersion = 10.0.40219.1
Project("{9A19103F-16F7-4668-BE54-9A1E7A4F7556}") = "task3", "RepsitoryPattern\task3.csproj", "{3D7FB09D-26F6-4E65-B83E-0519519512D7}"
EndProject
Global
	GlobalSection(SolutionConfigurationPlatforms) = preSolution
		Debug|Any CPU = Debug|Any CPU
		Release|Any CPU = Release|Any CPU
	EndGlobalSection
	GlobalSection(ProjectConfigurationPlatforms) = postSolution
		{3D7FB09D-26F6-4E65-B83E-0519519512D7}.Debug|Any CPU.ActiveCfg = Debug|Any CPU
		{3D7FB09D-26F6-4E65-B83E-0519519512D7}.Debug|Any CPU.Build.0 = Debug|Any CPU
		{3D7FB09D-26F6-4E65-B83E-0519519512D7}.Release|Any CPU.ActiveCfg = Release|Any CPU
		{3D7FB09D-26F6-4E65-B83E-0519519512D7}.Release|Any CPU.Build.0 = Release|Any CPU
	EndGlobalSection
	GlobalSection(SolutionProperties) = preSolution
		HideSolutionNode = FALSE
	EndGlobalSection
	GlobalSection(ExtensibilityGlobals) = postSolution
		SolutionGuid = {108768B4-0EF5-4D31-B32A-FAE07AE6135C}
	EndGlobalSection
EndGlobal
